
Microsoft Visual Studio Solution File, Format Version 12.00
# Visual Studio Version 17
VisualStudioVersion = 17.14.36127.28
MinimumVisualStudioVersion = 10.0.40219.1
Project("{FAE04EC0-301F-11D3-BF4B-00C04F79EFBC}") = "Demo-Namespace", "Demo-Namespace\Demo-Namespace.csproj", "{753AE504-62E8-4836-8AF2-4C2E2F945CDA}"
EndProject
Project("{FAE04EC0-301F-11D3-BF4B-00C04F79EFBC}") = "Demo-Class", "Demo-Class\Demo-Class.csproj", "{4C5290EF-7F43-47C8-8193-0B82B895CD04}"
EndProject
Project("{FAE04EC0-301F-11D3-BF4B-00C04F79EFBC}") = "Demo-Static", "Demo-Static\Demo-Static.csproj", "{1C0ACE22-94FD-4AC9-8983-36B93082AAE2}"
EndProject
Project("{2150E333-8FDC-42A3-9474-1A3956D46DE8}") = "Demos", "Demos", "{02EA681E-C7D8-13C7-8484-4AC65E1B71E8}"
EndProject
Project("{2150E333-8FDC-42A3-9474-1A3956D46DE8}") = "Exos", "Exos", "{E5C3707A-9851-49BB-9D32-B5CBCD611583}"
EndProject
Project("{FAE04EC0-301F-11D3-BF4B-00C04F79EFBC}") = "Exo-Monopoly", "Exo-Monopoly\Exo-Monopoly.csproj", "{B53D618F-AD3E-41CF-82D6-E8A9521A2450}"
EndProject
Project("{FAE04EC0-301F-11D3-BF4B-00C04F79EFBC}") = "Demo-Enumeration", "Demo-Enumeration\Demo-Enumeration.csproj", "{39975BE9-3EDE-4C49-8AEB-A1880990F5AE}"
EndProject
Project("{FAE04EC0-301F-11D3-BF4B-00C04F79EFBC}") = "Demo-Encapsulation", "Demo-Encapsulation\Demo-Encapsulation.csproj", "{A5559582-0CD8-4A35-B7A3-A110D43AE6FF}"
EndProject
Project("{FAE04EC0-301F-11D3-BF4B-00C04F79EFBC}") = "Demo-Proprietes", "Demo-Proprietes\Demo-Proprietes.csproj", "{9D7BF871-A630-4641-B826-8CF8A5CBB77B}"
EndProject
Project("{FAE04EC0-301F-11D3-BF4B-00C04F79EFBC}") = "Demo-Constructeur", "Demo-Constructeur\Demo-Constructeur.csproj", "{E14742F6-1689-4BB7-9B0B-E553B3BEEFB0}"
EndProject
Global
	GlobalSection(SolutionConfigurationPlatforms) = preSolution
		Debug|Any CPU = Debug|Any CPU
		Release|Any CPU = Release|Any CPU
	EndGlobalSection
	GlobalSection(ProjectConfigurationPlatforms) = postSolution
		{753AE504-62E8-4836-8AF2-4C2E2F945CDA}.Debug|Any CPU.ActiveCfg = Debug|Any CPU
		{753AE504-62E8-4836-8AF2-4C2E2F945CDA}.Debug|Any CPU.Build.0 = Debug|Any CPU
		{753AE504-62E8-4836-8AF2-4C2E2F945CDA}.Release|Any CPU.ActiveCfg = Release|Any CPU
		{753AE504-62E8-4836-8AF2-4C2E2F945CDA}.Release|Any CPU.Build.0 = Release|Any CPU
		{4C5290EF-7F43-47C8-8193-0B82B895CD04}.Debug|Any CPU.ActiveCfg = Debug|Any CPU
		{4C5290EF-7F43-47C8-8193-0B82B895CD04}.Debug|Any CPU.Build.0 = Debug|Any CPU
		{4C5290EF-7F43-47C8-8193-0B82B895CD04}.Release|Any CPU.ActiveCfg = Release|Any CPU
		{4C5290EF-7F43-47C8-8193-0B82B895CD04}.Release|Any CPU.Build.0 = Release|Any CPU
		{1C0ACE22-94FD-4AC9-8983-36B93082AAE2}.Debug|Any CPU.ActiveCfg = Debug|Any CPU
		{1C0ACE22-94FD-4AC9-8983-36B93082AAE2}.Debug|Any CPU.Build.0 = Debug|Any CPU
		{1C0ACE22-94FD-4AC9-8983-36B93082AAE2}.Release|Any CPU.ActiveCfg = Release|Any CPU
		{1C0ACE22-94FD-4AC9-8983-36B93082AAE2}.Release|Any CPU.Build.0 = Release|Any CPU
		{B53D618F-AD3E-41CF-82D6-E8A9521A2450}.Debug|Any CPU.ActiveCfg = Debug|Any CPU
		{B53D618F-AD3E-41CF-82D6-E8A9521A2450}.Debug|Any CPU.Build.0 = Debug|Any CPU
		{B53D618F-AD3E-41CF-82D6-E8A9521A2450}.Release|Any CPU.ActiveCfg = Release|Any CPU
		{B53D618F-AD3E-41CF-82D6-E8A9521A2450}.Release|Any CPU.Build.0 = Release|Any CPU
		{39975BE9-3EDE-4C49-8AEB-A1880990F5AE}.Debug|Any CPU.ActiveCfg = Debug|Any CPU
		{39975BE9-3EDE-4C49-8AEB-A1880990F5AE}.Debug|Any CPU.Build.0 = Debug|Any CPU
		{39975BE9-3EDE-4C49-8AEB-A1880990F5AE}.Release|Any CPU.ActiveCfg = Release|Any CPU
		{39975BE9-3EDE-4C49-8AEB-A1880990F5AE}.Release|Any CPU.Build.0 = Release|Any CPU
		{A5559582-0CD8-4A35-B7A3-A110D43AE6FF}.Debug|Any CPU.ActiveCfg = Debug|Any CPU
		{A5559582-0CD8-4A35-B7A3-A110D43AE6FF}.Debug|Any CPU.Build.0 = Debug|Any CPU
		{A5559582-0CD8-4A35-B7A3-A110D43AE6FF}.Release|Any CPU.ActiveCfg = Release|Any CPU
		{A5559582-0CD8-4A35-B7A3-A110D43AE6FF}.Release|Any CPU.Build.0 = Release|Any CPU
		{9D7BF871-A630-4641-B826-8CF8A5CBB77B}.Debug|Any CPU.ActiveCfg = Debug|Any CPU
		{9D7BF871-A630-4641-B826-8CF8A5CBB77B}.Debug|Any CPU.Build.0 = Debug|Any CPU
		{9D7BF871-A630-4641-B826-8CF8A5CBB77B}.Release|Any CPU.ActiveCfg = Release|Any CPU
		{9D7BF871-A630-4641-B826-8CF8A5CBB77B}.Release|Any CPU.Build.0 = Release|Any CPU
		{E14742F6-1689-4BB7-9B0B-E553B3BEEFB0}.Debug|Any CPU.ActiveCfg = Debug|Any CPU
		{E14742F6-1689-4BB7-9B0B-E553B3BEEFB0}.Debug|Any CPU.Build.0 = Debug|Any CPU
		{E14742F6-1689-4BB7-9B0B-E553B3BEEFB0}.Release|Any CPU.ActiveCfg = Release|Any CPU
		{E14742F6-1689-4BB7-9B0B-E553B3BEEFB0}.Release|Any CPU.Build.0 = Release|Any CPU
	EndGlobalSection
	GlobalSection(SolutionProperties) = preSolution
		HideSolutionNode = FALSE
	EndGlobalSection
	GlobalSection(NestedProjects) = preSolution
		{753AE504-62E8-4836-8AF2-4C2E2F945CDA} = {02EA681E-C7D8-13C7-8484-4AC65E1B71E8}
		{4C5290EF-7F43-47C8-8193-0B82B895CD04} = {02EA681E-C7D8-13C7-8484-4AC65E1B71E8}
		{1C0ACE22-94FD-4AC9-8983-36B93082AAE2} = {02EA681E-C7D8-13C7-8484-4AC65E1B71E8}
		{B53D618F-AD3E-41CF-82D6-E8A9521A2450} = {E5C3707A-9851-49BB-9D32-B5CBCD611583}
		{39975BE9-3EDE-4C49-8AEB-A1880990F5AE} = {02EA681E-C7D8-13C7-8484-4AC65E1B71E8}
		{A5559582-0CD8-4A35-B7A3-A110D43AE6FF} = {02EA681E-C7D8-13C7-8484-4AC65E1B71E8}
		{9D7BF871-A630-4641-B826-8CF8A5CBB77B} = {02EA681E-C7D8-13C7-8484-4AC65E1B71E8}
		{E14742F6-1689-4BB7-9B0B-E553B3BEEFB0} = {02EA681E-C7D8-13C7-8484-4AC65E1B71E8}
	EndGlobalSection
	GlobalSection(ExtensibilityGlobals) = postSolution
		SolutionGuid = {DF0C2336-42DD-4D5C-89E8-038E348AEFE7}
	EndGlobalSection
EndGlobal
